{
  "nodes": {
    "nixpkgs": {
      "locked": {
        "lastModified": 1663208935,
        "narHash": "sha256-/tLjIp/U2RO7RBkCKCUW/CK5lBP1JYatpPRw65QqSJg=",
        "owner": "nixos",
        "repo": "nixpkgs",
        "rev": "288a708031cbe396847c89ee4213596242a12520",
        "type": "github"
      },
      "original": {
        "owner": "nixos",
        "ref": "nixos-unstable-small",
        "repo": "nixpkgs",
        "type": "github"
      }
    },
    "root": {
      "inputs": {
        "nixpkgs": "nixpkgs"
      }
    }
  },
  "root": "root",
  "version": 7
}
